{
  "name": "eao-text-view",
  "version": "1.0.0",
  "lockfileVersion": 2,
  "requires": true,
  "packages": {
    "": {
      "name": "eao-text-view",
      "version": "1.0.0",
      "license": "ISC",
      "dependencies": {
        "@davidsystems/embedded-audio-object": "^1.0.853"
      }
    },
    "node_modules/@davidsystems/embedded-audio-object": {
      "version": "1.0.894",
      "resolved": "https://npm.davidsystems.com/@davidsystems%2fembedded-audio-object/-/embedded-audio-object-1.0.894.tgz",
      "integrity": "sha512-oaXyezxC+GkQT2hbIHqhZD3Drs8bLpRPXmaaZEwXMinRuZph5+H/qCnWXnZ0REcsQkwxkDjcVgvSIG+yQZnjJw==",
      "license": "DAVID Systems GmbH"
    }
  },
  "dependencies": {
    "@davidsystems/embedded-audio-object": {
      "version": "1.0.894",
      "resolved": "https://npm.davidsystems.com/@davidsystems%2fembedded-audio-object/-/embedded-audio-object-1.0.894.tgz",
      "integrity": "sha512-oaXyezxC+GkQT2hbIHqhZD3Drs8bLpRPXmaaZEwXMinRuZph5+H/qCnWXnZ0REcsQkwxkDjcVgvSIG+yQZnjJw=="
    }
  }
}
