{
  "name": "eao-text-view",
  "version": "1.0.0",
  "lockfileVersion": 2,
  "requires": true,
  "packages": {
    "": {
      "name": "eao-text-view",
      "version": "1.0.0",
      "license": "ISC",
      "dependencies": {
        "@davidsystems/embedded-audio-object": "^1.0.853"
      }
    },
    "node_modules/@davidsystems/embedded-audio-object": {
      "version": "1.0.853",
      "resolved": "https://npm.davidsystems.com/@davidsystems%2fembedded-audio-object/-/embedded-audio-object-1.0.853.tgz",
      "integrity": "sha512-j7eD6uxjXToVdRokLBmLw+UvAk6cqThTj601Bh2RXB1HCYRSd9GiFrgdM+0LB7GJ9Ag8wlmSa1cKrAdqoIfquQ==",
      "license": "DAVID Systems GmbH"
    }
  },
  "dependencies": {
    "@davidsystems/embedded-audio-object": {
      "version": "1.0.853",
      "resolved": "https://npm.davidsystems.com/@davidsystems%2fembedded-audio-object/-/embedded-audio-object-1.0.853.tgz",
      "integrity": "sha512-j7eD6uxjXToVdRokLBmLw+UvAk6cqThTj601Bh2RXB1HCYRSd9GiFrgdM+0LB7GJ9Ag8wlmSa1cKrAdqoIfquQ=="
    }
  }
}
